
Microsoft Visual Studio Solution File, Format Version 12.00
# Visual Studio Version 16
VisualStudioVersion = 16.0.31515.178
MinimumVisualStudioVersion = 10.0.40219.1
Project("{888888A0-9F3D-457C-B088-3A5042F75D52}") = "Course Project - Phase 2  CIS 261", "Course Project - Phase 2  CIS 261.pyproj", "{76C31F43-87FB-4446-AB36-A70ADFCA7087}"
EndProject
Global
	GlobalSection(SolutionConfigurationPlatforms) = preSolution
		Debug|Any CPU = Debug|Any CPU
		Release|Any CPU = Release|Any CPU
	EndGlobalSection
	GlobalSection(ProjectConfigurationPlatforms) = postSolution
		{76C31F43-87FB-4446-AB36-A70ADFCA7087}.Debug|Any CPU.ActiveCfg = Debug|Any CPU
		{76C31F43-87FB-4446-AB36-A70ADFCA7087}.Release|Any CPU.ActiveCfg = Release|Any CPU
	EndGlobalSection
	GlobalSection(SolutionProperties) = preSolution
		HideSolutionNode = FALSE
	EndGlobalSection
	GlobalSection(ExtensibilityGlobals) = postSolution
		SolutionGuid = {9626ED85-E64E-45E6-B5B2-E778C8E83576}
	EndGlobalSection
EndGlobal
